
Microsoft Visual Studio Solution File, Format Version 12.00
# Visual Studio 14
VisualStudioVersion = 14.0.25420.1
MinimumVisualStudioVersion = 10.0.40219.1
Project("{FAE04EC0-301F-11D3-BF4B-00C04F79EFBC}") = "PasswordValidation", "PasswdValidation\PasswordValidation.csproj", "{D7C9CFEC-BA0E-4E3F-9314-68946C41AE80}"
EndProject
Project("{FAE04EC0-301F-11D3-BF4B-00C04F79EFBC}") = "PasswordValidatorTest", "PasswordValidatorTest\PasswordValidatorTest.csproj", "{CA92DDF1-C029-42F9-B135-E34BEC795683}"
EndProject
Global
	GlobalSection(SolutionConfigurationPlatforms) = preSolution
		Debug|Any CPU = Debug|Any CPU
		Release|Any CPU = Release|Any CPU
	EndGlobalSection
	GlobalSection(ProjectConfigurationPlatforms) = postSolution
		{D7C9CFEC-BA0E-4E3F-9314-68946C41AE80}.Debug|Any CPU.ActiveCfg = Debug|Any CPU
		{D7C9CFEC-BA0E-4E3F-9314-68946C41AE80}.Debug|Any CPU.Build.0 = Debug|Any CPU
		{D7C9CFEC-BA0E-4E3F-9314-68946C41AE80}.Release|Any CPU.ActiveCfg = Release|Any CPU
		{D7C9CFEC-BA0E-4E3F-9314-68946C41AE80}.Release|Any CPU.Build.0 = Release|Any CPU
		{CA92DDF1-C029-42F9-B135-E34BEC795683}.Debug|Any CPU.ActiveCfg = Debug|Any CPU
		{CA92DDF1-C029-42F9-B135-E34BEC795683}.Debug|Any CPU.Build.0 = Debug|Any CPU
		{CA92DDF1-C029-42F9-B135-E34BEC795683}.Release|Any CPU.ActiveCfg = Release|Any CPU
		{CA92DDF1-C029-42F9-B135-E34BEC795683}.Release|Any CPU.Build.0 = Release|Any CPU
	EndGlobalSection
	GlobalSection(SolutionProperties) = preSolution
		HideSolutionNode = FALSE
	EndGlobalSection
EndGlobal
